
Microsoft Visual Studio Solution File, Format Version 12.00
# Visual Studio Version 16
VisualStudioVersion = 16.0.31605.320
MinimumVisualStudioVersion = 10.0.40219.1
Project("{FAE04EC0-301F-11D3-BF4B-00C04F79EFBC}") = "UserManagementApI", "UserManagementApI\UserManagementApI.csproj", "{4C83BB43-8C5C-44BB-9211-412EBDFDF380}"
EndProject
Global
	GlobalSection(SolutionConfigurationPlatforms) = preSolution
		Debug|Any CPU = Debug|Any CPU
		Release|Any CPU = Release|Any CPU
	EndGlobalSection
	GlobalSection(ProjectConfigurationPlatforms) = postSolution
		{4C83BB43-8C5C-44BB-9211-412EBDFDF380}.Debug|Any CPU.ActiveCfg = Debug|Any CPU
		{4C83BB43-8C5C-44BB-9211-412EBDFDF380}.Debug|Any CPU.Build.0 = Debug|Any CPU
		{4C83BB43-8C5C-44BB-9211-412EBDFDF380}.Release|Any CPU.ActiveCfg = Release|Any CPU
		{4C83BB43-8C5C-44BB-9211-412EBDFDF380}.Release|Any CPU.Build.0 = Release|Any CPU
	EndGlobalSection
	GlobalSection(SolutionProperties) = preSolution
		HideSolutionNode = FALSE
	EndGlobalSection
	GlobalSection(ExtensibilityGlobals) = postSolution
		SolutionGuid = {BD7331FA-597E-43E3-B944-415230C3DB92}
	EndGlobalSection
EndGlobal
